
Microsoft Visual Studio Solution File, Format Version 12.00
# Visual Studio Version 17
VisualStudioVersion = 17.2.32519.379
MinimumVisualStudioVersion = 10.0.40219.1
Project("{FAE04EC0-301F-11D3-BF4B-00C04F79EFBC}") = "LabBigSchool-NguyenDuyHoangAnh", "LabBigSchool-NguyenDuyHoangAnh\LabBigSchool-NguyenDuyHoangAnh.csproj", "{09686614-4012-4A15-872D-48FE83D3E3BF}"
EndProject
Global
	GlobalSection(SolutionConfigurationPlatforms) = preSolution
		Debug|Any CPU = Debug|Any CPU
		Release|Any CPU = Release|Any CPU
	EndGlobalSection
	GlobalSection(ProjectConfigurationPlatforms) = postSolution
		{09686614-4012-4A15-872D-48FE83D3E3BF}.Debug|Any CPU.ActiveCfg = Debug|Any CPU
		{09686614-4012-4A15-872D-48FE83D3E3BF}.Debug|Any CPU.Build.0 = Debug|Any CPU
		{09686614-4012-4A15-872D-48FE83D3E3BF}.Release|Any CPU.ActiveCfg = Release|Any CPU
		{09686614-4012-4A15-872D-48FE83D3E3BF}.Release|Any CPU.Build.0 = Release|Any CPU
	EndGlobalSection
	GlobalSection(SolutionProperties) = preSolution
		HideSolutionNode = FALSE
	EndGlobalSection
	GlobalSection(ExtensibilityGlobals) = postSolution
		SolutionGuid = {3F3E3AC7-CBBC-431D-876C-7540F125E0A8}
	EndGlobalSection
EndGlobal
